{
  "originHash" : "fb94bac9ef00694967e145120894aa75f6336164ea3293ea80784c125d4207e4",
  "pins" : [
    {
      "identity" : "animatedtabbar",
      "kind" : "remoteSourceControl",
      "location" : "https://github.com/exyte/AnimatedTabBar.git",
      "state" : {
        "revision" : "b91b07c9bf7490fce76deb90e56bb34c6871b875",
        "version" : "0.1.4"
      }
    },
    {
      "identity" : "popupview",
      "kind" : "remoteSourceControl",
      "location" : "https://github.com/exyte/PopupView.git",
      "state" : {
        "revision" : "e958d95620aff0227682cd8260c54cdbdfedc6c5",
        "version" : "4.0.0"
      }
    },
    {
      "identity" : "swiftui-introspect",
      "kind" : "remoteSourceControl",
      "location" : "https://github.com/siteline/swiftui-introspect",
      "state" : {
        "revision" : "807f73ce09a9b9723f12385e592b4e0aaebd3336",
        "version" : "1.3.0"
      }
    }
  ],
  "version" : 3
}
